{
  "name": "simpleblog",
  "version": "1.0.0",
  "lockfileVersion": 1,
  "requires": true,
  "dependencies": {
    "@types/events": {
      "version": "3.0.0",
      "resolved": "https://registry.npmjs.org/@types/events/-/events-3.0.0.tgz",
      "integrity": "sha512-EaObqwIvayI5a8dCzhFrjKzVwKLxjoG9T6Ppd5CEo07LRKfQ8Yokw54r5+Wq7FaBQ+yXRvQAYPrHwya1/UFt9g=="
    },
    "@types/graphql": {
      "version": "0.9.4",
      "resolved": "https://registry.npmjs.org/@types/graphql/-/graphql-0.9.4.tgz",
      "integrity": "sha512-ob2dps4itT/Le5DbxjssBXtBnloDIRUbkgtAvaB42mJ8pVIWMRuURD9WjnhaEGZ4Ql/EryXMQWeU8Y0EU73QLw==",
      "optional": true
    },
    "@types/node": {
      "version": "8.10.66",
      "resolved": "https://registry.npmjs.org/@types/node/-/node-8.10.66.tgz",
      "integrity": "sha512-tktOkFUA4kXx2hhhrB8bIFb5TbwzS4uOhKEmwiD+NoiL0qtP2OQ9mFldbgD4dV1djrlBYP6eBuQZiWjuHUpqFw=="
    },
    "@types/pino": {
      "version": "4.16.1",
      "resolved": "https://registry.npmjs.org/@types/pino/-/pino-4.16.1.tgz",
      "integrity": "sha512-uYEhZ3jsuiYFsPcR34fbxVlrqzqphc+QQ3fU4rWR6PXH8ka2TKvPBjtkNqj8oBHouVGf4GCRfyPb7FG2TEtPZA==",
      "requires": {
        "@types/events": "*",
        "@types/node": "*"
      }
    },
    "abstract-logging": {
      "version": "1.0.0",
      "resolved": "https://registry.npmjs.org/abstract-logging/-/abstract-logging-1.0.0.tgz",
      "integrity": "sha1-i33q/TEFWbwo93ck3RuzAXcnjBs="
    },
    "ajv": {
      "version": "5.5.2",
      "resolved": "https://registry.npmjs.org/ajv/-/ajv-5.5.2.tgz",
      "integrity": "sha1-c7Xuyj+rZT49P5Qis0GtQiBdyWU=",
      "requires": {
        "co": "^4.6.0",
        "fast-deep-equal": "^1.0.0",
        "fast-json-stable-stringify": "^2.0.0",
        "json-schema-traverse": "^0.3.0"
      }
    },
    "ansi-styles": {
      "version": "3.2.1",
      "resolved": "https://registry.npmjs.org/ansi-styles/-/ansi-styles-3.2.1.tgz",
      "integrity": "sha512-VT0ZI6kZRdTh8YyJw3SMbYm/u+NqfsAxEpWO0Pf9sq8/e94WxxOpPKx9FR1FlyCtOVDNOQ+8ntlqFxiRc+r5qA==",
      "requires": {
        "color-convert": "^1.9.0"
      }
    },
    "apollo-server-core": {
      "version": "1.1.0",
      "resolved": "https://registry.npmjs.org/apollo-server-core/-/apollo-server-core-1.1.0.tgz",
      "integrity": "sha1-dMO/Q5ThTq56tgsdmZo8W4qpTpo=",
      "requires": {
        "apollo-tracing": "0.0.7"
      }
    },
    "apollo-server-module-graphiql": {
      "version": "1.1.2",
      "resolved": "https://registry.npmjs.org/apollo-server-module-graphiql/-/apollo-server-module-graphiql-1.1.2.tgz",
      "integrity": "sha1-SaFUz4DphKywgr0AlhdbVh4b+8w="
    },
    "apollo-tracing": {
      "version": "0.0.7",
      "resolved": "https://registry.npmjs.org/apollo-tracing/-/apollo-tracing-0.0.7.tgz",
      "integrity": "sha512-jvjNmOOb3M2QiBEuz9Vjp6HiXtZuDwRvHxqBZQ+TE0UoODRnJoQu5LF1uvPI2ooOHiPC1ce4SAKNNIU9y02EeA==",
      "requires": {
        "graphql-tools": "1.2.3"
      }
    },
    "avvio": {
      "version": "4.0.1",
      "resolved": "https://registry.npmjs.org/avvio/-/avvio-4.0.1.tgz",
      "integrity": "sha512-Vaga4uQkddyK3OQydLmOb4FubSxsZ7rmXX+n+JwBNEriidXNixAPVEClHEQp70xXSoY/JOLlGDM3gtRkvTcc6A==",
      "requires": {
        "debug": "^3.1.0",
        "fastq": "^1.5.0"
      }
    },
    "chalk": {
      "version": "2.4.2",
      "resolved": "https://registry.npmjs.org/chalk/-/chalk-2.4.2.tgz",
      "integrity": "sha512-Mti+f9lpJNcwF4tWV8/OrTTtF1gZi+f8FqlyAdouralcFWFQWF2+NgCHShjkCb+IFBLq9buZwE1xckQU4peSuQ==",
      "requires": {
        "ansi-styles": "^3.2.1",
        "escape-string-regexp": "^1.0.5",
        "supports-color": "^5.3.0"
      }
    },
    "co": {
      "version": "4.6.0",
      "resolved": "https://registry.npmjs.org/co/-/co-4.6.0.tgz",
      "integrity": "sha1-bqa989hTrlTMuOR7+gvz+QMfsYQ="
    },
    "color-convert": {
      "version": "1.9.3",
      "resolved": "https://registry.npmjs.org/color-convert/-/color-convert-1.9.3.tgz",
      "integrity": "sha512-QfAUtd+vFdAtFQcC8CCyYt1fYWxSqAiK2cSD6zDB8N3cpsEBAvRxp9zOGg6G/SHHJYAT88/az/IuDGALsNVbGg==",
      "requires": {
        "color-name": "1.1.3"
      }
    },
    "color-name": {
      "version": "1.1.3",
      "resolved": "https://registry.npmjs.org/color-name/-/color-name-1.1.3.tgz",
      "integrity": "sha1-p9BVi9icQveV3UIyj3QIMcpTvCU="
    },
    "core-util-is": {
      "version": "1.0.3",
      "resolved": "https://registry.npmjs.org/core-util-is/-/core-util-is-1.0.3.tgz",
      "integrity": "sha512-ZQBvi1DcpJ4GDqanjucZ2Hj3wEO5pZDS89BWbkcrvdxksJorwUDDZamX9ldFkp9aw2lmBDLgkObEA4DWNJ9FYQ=="
    },
    "debug": {
      "version": "3.2.7",
      "resolved": "https://registry.npmjs.org/debug/-/debug-3.2.7.tgz",
      "integrity": "sha512-CFjzYYAi4ThfiQvizrFQevTTXHtnCqWfe7x1AhgEscTz6ZbLbfoLRLPugTQyBth6f8ZERVUSyWHFD/7Wu4t1XQ==",
      "requires": {
        "ms": "^2.1.1"
      }
    },
    "deprecated-decorator": {
      "version": "0.1.6",
      "resolved": "https://registry.npmjs.org/deprecated-decorator/-/deprecated-decorator-0.1.6.tgz",
      "integrity": "sha1-AJZjF7ehL+kvPMgx91g68ym4bDc="
    },
    "end-of-stream": {
      "version": "1.4.4",
      "resolved": "https://registry.npmjs.org/end-of-stream/-/end-of-stream-1.4.4.tgz",
      "integrity": "sha512-+uw1inIHVPQoaVuHzRyXd21icM+cnt4CzD5rW+NC1wjOUSTOs+Te7FOv7AhN7vS9x/oIyhLP5PR1H+phQAHu5Q==",
      "requires": {
        "once": "^1.4.0"
      }
    },
    "escape-string-regexp": {
      "version": "1.0.5",
      "resolved": "https://registry.npmjs.org/escape-string-regexp/-/escape-string-regexp-1.0.5.tgz",
      "integrity": "sha1-G2HAViGQqN/2rjuyzwIAyhMLhtQ="
    },
    "fast-decode-uri-component": {
      "version": "1.0.1",
      "resolved": "https://registry.npmjs.org/fast-decode-uri-component/-/fast-decode-uri-component-1.0.1.tgz",
      "integrity": "sha512-WKgKWg5eUxvRZGwW8FvfbaH7AXSh2cL+3j5fMGzUMCxWBJ3dV3a7Wz8y2f/uQ0e3B6WmodD3oS54jTQ9HVTIIg=="
    },
    "fast-deep-equal": {
      "version": "1.1.0",
      "resolved": "https://registry.npmjs.org/fast-deep-equal/-/fast-deep-equal-1.1.0.tgz",
      "integrity": "sha1-wFNHeBfIa1HaqFPIHgWbcz0CNhQ="
    },
    "fast-iterator": {
      "version": "0.2.2",
      "resolved": "https://registry.npmjs.org/fast-iterator/-/fast-iterator-0.2.2.tgz",
      "integrity": "sha512-tvdb3Xb6SdbKxjYdnIgmIdumC+MZ1DE0I4tRlWRyr9flr173borgU6pb6jRdlRoXkMAXUjFqMAEeWkG6j0yG7g==",
      "requires": {
        "reusify": "^1.0.3"
      }
    },
    "fast-json-parse": {
      "version": "1.0.3",
      "resolved": "https://registry.npmjs.org/fast-json-parse/-/fast-json-parse-1.0.3.tgz",
      "integrity": "sha512-FRWsaZRWEJ1ESVNbDWmsAlqDk96gPQezzLghafp5J4GUKjbCz3OkAHuZs5TuPEtkbVQERysLp9xv6c24fBm8Aw=="
    },
    "fast-json-stable-stringify": {
      "version": "2.1.0",
      "resolved": "https://registry.npmjs.org/fast-json-stable-stringify/-/fast-json-stable-stringify-2.1.0.tgz",
      "integrity": "sha512-lhd/wF+Lk98HZoTCtlVraHtfh5XYijIjalXck7saUtuanSDyLMxnHhSXEDJqHxD7msR8D0uCmqlkwjCV8xvwHw=="
    },
    "fast-json-stringify": {
      "version": "0.16.0",
      "resolved": "https://registry.npmjs.org/fast-json-stringify/-/fast-json-stringify-0.16.0.tgz",
      "integrity": "sha512-og7CkpeDD4GTQ55mYMkKihhsBHe+fKVhovwBJ2TNo9HbTovmdYLX53b0jCxhARYh9zs/WvOMbuWen9faGacblg==",
      "requires": {
        "ajv": "^5.5.2",
        "fast-safe-stringify": "^1.2.1"
      }
    },
    "fast-safe-stringify": {
      "version": "1.2.3",
      "resolved": "https://registry.npmjs.org/fast-safe-stringify/-/fast-safe-stringify-1.2.3.tgz",
      "integrity": "sha512-QJYT/i0QYoiZBQ71ivxdyTqkwKkQ0oxACXHYxH2zYHJEgzi2LsbjgvtzTbLi1SZcF190Db2YP7I7eTsU2egOlw=="
    },
    "fastify": {
      "version": "0.37.0",
      "resolved": "https://registry.npmjs.org/fastify/-/fastify-0.37.0.tgz",
      "integrity": "sha512-wBaLFq2F1ZgJYPHq+7lgG5lMmu+uWz3DVyw0KyO+/3jAT/0IUjEcekayBad8nLQIvxYChthaD/I3bH2pnTAu5A==",
      "requires": {
        "@types/node": "^8.5.2",
        "@types/pino": "^4.7.0",
        "abstract-logging": "^1.0.0",
        "ajv": "^5.5.2",
        "avvio": "^4.0.1",
        "fast-iterator": "^0.2.1",
        "fast-json-stringify": "^0.16.0",
        "find-my-way": "^1.8.1",
        "flatstr": "^1.0.5",
        "light-my-request": "^1.1.1",
        "middie": "^3.0.0",
        "pino": "^4.10.2",
        "pump": "^2.0.0"
      }
    },
    "fastify-apollo": {
      "version": "1.2.0",
      "resolved": "https://registry.npmjs.org/fastify-apollo/-/fastify-apollo-1.2.0.tgz",
      "integrity": "sha512-TxNGsxaAadu9NqH7zDVIJyRCrUvroUbOdbUZKlyXZfqoVk4QFEv8yaW8GXtgtExe77cv1mvVgpMG854zQ/w/rg==",
      "requires": {
        "apollo-server-core": "1.1.0",
        "apollo-server-module-graphiql": "1.1.2",
        "fastify-plugin": "0.1.1"
      }
    },
    "fastify-plugin": {
      "version": "0.1.1",
      "resolved": "https://registry.npmjs.org/fastify-plugin/-/fastify-plugin-0.1.1.tgz",
      "integrity": "sha1-E6lPSVqQ/Vp65LzYJ8VOpZhseU8=",
      "requires": {
        "semver": "5.4.1"
      }
    },
    "fastq": {
      "version": "1.13.0",
      "resolved": "https://registry.npmjs.org/fastq/-/fastq-1.13.0.tgz",
      "integrity": "sha512-YpkpUnK8od0o1hmeSc7UUs/eB/vIPWJYjKck2QKIzAf71Vm1AAQ3EbuZB3g2JIy+pg+ERD0vqI79KyZiB2e2Nw==",
      "requires": {
        "reusify": "^1.0.4"
      }
    },
    "find-my-way": {
      "version": "1.18.1",
      "resolved": "https://registry.npmjs.org/find-my-way/-/find-my-way-1.18.1.tgz",
      "integrity": "sha512-5M9oQuUPNDxr7w7g65Rv2acToLUIjVUbnMsltXNQaSYWOwjf+2MBp7sMuY+pfO+OPCo2qwcxsr29VQQ09ouVMg==",
      "requires": {
        "fast-decode-uri-component": "^1.0.0",
        "safe-regex": "^1.1.0",
        "semver-store": "^0.3.0"
      }
    },
    "flatstr": {
      "version": "1.0.12",
      "resolved": "https://registry.npmjs.org/flatstr/-/flatstr-1.0.12.tgz",
      "integrity": "sha512-4zPxDyhCyiN2wIAtSLI6gc82/EjqZc1onI4Mz/l0pWrAlsSfYH/2ZIcU+e3oA2wDwbzIWNKwa23F8rh6+DRWkw=="
    },
    "graphql": {
      "version": "0.11.4",
      "resolved": "https://registry.npmjs.org/graphql/-/graphql-0.11.4.tgz",
      "integrity": "sha512-w+PAJWuUsghxXPqUqiHSHmhiEDkg1PMK6un/pftttnf5P8by0xQb4Id20P21KEGfpkyNG8953GwVH+DZ5iGLew==",
      "requires": {
        "iterall": "1.1.2"
      }
    },
    "graphql-tools": {
      "version": "1.2.3",
      "resolved": "https://registry.npmjs.org/graphql-tools/-/graphql-tools-1.2.3.tgz",
      "integrity": "sha512-3inNK3rmk32G4hGWbqBuVNxusF+Mcuckg+3aD4hHaMxO0LrSgteWoTD8pTD9GUnmoSRG4AbYHZ0jibGD5MTlrQ==",
      "requires": {
        "@types/graphql": "0.9.4",
        "deprecated-decorator": "0.1.6",
        "uuid": "3.1.0"
      }
    },
    "has-flag": {
      "version": "3.0.0",
      "resolved": "https://registry.npmjs.org/has-flag/-/has-flag-3.0.0.tgz",
      "integrity": "sha1-tdRU3CGZriJWmfNGfloH87lVuv0="
    },
    "inherits": {
      "version": "2.0.4",
      "resolved": "https://registry.npmjs.org/inherits/-/inherits-2.0.4.tgz",
      "integrity": "sha512-k/vGaX4/Yla3WzyMCvTQOXYeIHvqOKtnqBduzTHpzpQZzAskKMhZ2K+EnBiSM9zGSoIFeMpXKxa4dYeZIQqewQ=="
    },
    "isarray": {
      "version": "1.0.0",
      "resolved": "https://registry.npmjs.org/isarray/-/isarray-1.0.0.tgz",
      "integrity": "sha1-u5NdSFgsuhaMBoNJV6VKPgcSTxE="
    },
    "iterall": {
      "version": "1.1.2",
      "resolved": "https://registry.npmjs.org/iterall/-/iterall-1.1.2.tgz",
      "integrity": "sha512-vv9+TpxaJNixIKWNSd9v70hjDMM6I01rWZzEixZbnvQ/4YOd19cXYZ8fCqoMF6RtlZQDuk+pXFnZIpzByIFOMg=="
    },
    "json-schema-traverse": {
      "version": "0.3.1",
      "resolved": "https://registry.npmjs.org/json-schema-traverse/-/json-schema-traverse-0.3.1.tgz",
      "integrity": "sha1-NJptRMU6Ud6JtAgFxdXlm0F9M0A="
    },
    "light-my-request": {
      "version": "1.1.2",
      "resolved": "https://registry.npmjs.org/light-my-request/-/light-my-request-1.1.2.tgz",
      "integrity": "sha512-qkHdpMzZTfSjy7Y6lhheILCCmM17LBji3fd/KGghy78TG7Quw7gKHvZ9NeISD0WKzP0R/GdScUhog/Q864HvvA==",
      "requires": {
        "ajv": "^5.2.3",
        "safe-buffer": "^5.1.1"
      }
    },
    "middie": {
      "version": "3.2.1",
      "resolved": "https://registry.npmjs.org/middie/-/middie-3.2.1.tgz",
      "integrity": "sha512-K4L4De0X4tqLOuxna4Y2Bg9U1p9k8ZRtJHp9i6yOT6b2rOmvP06MW9Yas2AzTQJAGkhC74VM8kOI+x0x41+77Q==",
      "requires": {
        "path-to-regexp": "^2.0.0",
        "reusify": "^1.0.2"
      }
    },
    "ms": {
      "version": "2.1.3",
      "resolved": "https://registry.npmjs.org/ms/-/ms-2.1.3.tgz",
      "integrity": "sha512-6FlzubTLZG3J2a/NVCAleEhjzq5oxgHyaCU9yYXvcLsvoVaHJq/s5xXI6/XXP6tz7R9xAOtHnSO/tXtF3WRTlA=="
    },
    "once": {
      "version": "1.4.0",
      "resolved": "https://registry.npmjs.org/once/-/once-1.4.0.tgz",
      "integrity": "sha1-WDsap3WWHUsROsF9nFC6753Xa9E=",
      "requires": {
        "wrappy": "1"
      }
    },
    "path-to-regexp": {
      "version": "2.4.0",
      "resolved": "https://registry.npmjs.org/path-to-regexp/-/path-to-regexp-2.4.0.tgz",
      "integrity": "sha512-G6zHoVqC6GGTQkZwF4lkuEyMbVOjoBKAEybQUypI1WTkqinCOrq2x6U2+phkJ1XsEMTy4LjtwPI7HW+NVrRR2w=="
    },
    "pino": {
      "version": "4.17.6",
      "resolved": "https://registry.npmjs.org/pino/-/pino-4.17.6.tgz",
      "integrity": "sha512-LFDwmhyWLBnmwO/2UFbWu1jEGVDzaPupaVdx0XcZ3tIAx1EDEBauzxXf2S0UcFK7oe+X9MApjH0hx9U1XMgfCA==",
      "requires": {
        "chalk": "^2.4.1",
        "fast-json-parse": "^1.0.3",
        "fast-safe-stringify": "^1.2.3",
        "flatstr": "^1.0.5",
        "pino-std-serializers": "^2.0.0",
        "pump": "^3.0.0",
        "quick-format-unescaped": "^1.1.2",
        "split2": "^2.2.0"
      },
      "dependencies": {
        "pump": {
          "version": "3.0.0",
          "resolved": "https://registry.npmjs.org/pump/-/pump-3.0.0.tgz",
          "integrity": "sha512-LwZy+p3SFs1Pytd/jYct4wpv49HiYCqd9Rlc5ZVdk0V+8Yzv6jR5Blk3TRmPL1ft69TxP0IMZGJ+WPFU2BFhww==",
          "requires": {
            "end-of-stream": "^1.1.0",
            "once": "^1.3.1"
          }
        }
      }
    },
    "pino-std-serializers": {
      "version": "2.5.0",
      "resolved": "https://registry.npmjs.org/pino-std-serializers/-/pino-std-serializers-2.5.0.tgz",
      "integrity": "sha512-wXqbqSrIhE58TdrxxlfLwU9eDhrzppQDvGhBEr1gYbzzM4KKo3Y63gSjiDXRKLVS2UOXdPNR2v+KnQgNrs+xUg=="
    },
    "process-nextick-args": {
      "version": "2.0.1",
      "resolved": "https://registry.npmjs.org/process-nextick-args/-/process-nextick-args-2.0.1.tgz",
      "integrity": "sha512-3ouUOpQhtgrbOa17J7+uxOTpITYWaGP7/AhoR3+A+/1e9skrzelGi/dXzEYyvbxubEF6Wn2ypscTKiKJFFn1ag=="
    },
    "pump": {
      "version": "2.0.1",
      "resolved": "https://registry.npmjs.org/pump/-/pump-2.0.1.tgz",
      "integrity": "sha512-ruPMNRkN3MHP1cWJc9OWr+T/xDP0jhXYCLfJcBuX54hhfIBnaQmAUMfDcG4DM5UMWByBbJY69QSphm3jtDKIkA==",
      "requires": {
        "end-of-stream": "^1.1.0",
        "once": "^1.3.1"
      }
    },
    "quick-format-unescaped": {
      "version": "1.1.2",
      "resolved": "https://registry.npmjs.org/quick-format-unescaped/-/quick-format-unescaped-1.1.2.tgz",
      "integrity": "sha1-DKWB3jF0vs7yWsPC6JVjQjgdtpg=",
      "requires": {
        "fast-safe-stringify": "^1.0.8"
      }
    },
    "readable-stream": {
      "version": "2.3.7",
      "resolved": "https://registry.npmjs.org/readable-stream/-/readable-stream-2.3.7.tgz",
      "integrity": "sha512-Ebho8K4jIbHAxnuxi7o42OrZgF/ZTNcsZj6nRKyUmkhLFq8CHItp/fy6hQZuZmP/n3yZ9VBUbp4zz/mX8hmYPw==",
      "requires": {
        "core-util-is": "~1.0.0",
        "inherits": "~2.0.3",
        "isarray": "~1.0.0",
        "process-nextick-args": "~2.0.0",
        "safe-buffer": "~5.1.1",
        "string_decoder": "~1.1.1",
        "util-deprecate": "~1.0.1"
      },
      "dependencies": {
        "safe-buffer": {
          "version": "5.1.2",
          "resolved": "https://registry.npmjs.org/safe-buffer/-/safe-buffer-5.1.2.tgz",
          "integrity": "sha512-Gd2UZBJDkXlY7GbJxfsE8/nvKkUEU1G38c1siN6QP6a9PT9MmHB8GnpscSmMJSoF8LOIrt8ud/wPtojys4G6+g=="
        }
      }
    },
    "ret": {
      "version": "0.1.15",
      "resolved": "https://registry.npmjs.org/ret/-/ret-0.1.15.tgz",
      "integrity": "sha512-TTlYpa+OL+vMMNG24xSlQGEJ3B/RzEfUlLct7b5G/ytav+wPrplCpVMFuwzXbkecJrb6IYo1iFb0S9v37754mg=="
    },
    "reusify": {
      "version": "1.0.4",
      "resolved": "https://registry.npmjs.org/reusify/-/reusify-1.0.4.tgz",
      "integrity": "sha512-U9nH88a3fc/ekCF1l0/UP1IosiuIjyTh7hBvXVMHYgVcfGvt897Xguj2UOLDeI5BG2m7/uwyaLVT6fbtCwTyzw=="
    },
    "safe-buffer": {
      "version": "5.2.1",
      "resolved": "https://registry.npmjs.org/safe-buffer/-/safe-buffer-5.2.1.tgz",
      "integrity": "sha512-rp3So07KcdmmKbGvgaNxQSJr7bGVSVk5S9Eq1F+ppbRo70+YeaDxkw5Dd8NPN+GD6bjnYm2VuPuCXmpuYvmCXQ=="
    },
    "safe-regex": {
      "version": "1.1.0",
      "resolved": "https://registry.npmjs.org/safe-regex/-/safe-regex-1.1.0.tgz",
      "integrity": "sha1-QKNmnzsHfR6UPURinhV91IAjvy4=",
      "requires": {
        "ret": "~0.1.10"
      }
    },
    "semver": {
      "version": "5.4.1",
      "resolved": "https://registry.npmjs.org/semver/-/semver-5.4.1.tgz",
      "integrity": "sha512-WfG/X9+oATh81XtllIo/I8gOiY9EXRdv1cQdyykeXK17YcUW3EXUAi2To4pcH6nZtJPr7ZOpM5OMyWJZm+8Rsg=="
    },
    "semver-store": {
      "version": "0.3.0",
      "resolved": "https://registry.npmjs.org/semver-store/-/semver-store-0.3.0.tgz",
      "integrity": "sha512-TcZvGMMy9vodEFSse30lWinkj+JgOBvPn8wRItpQRSayhc+4ssDs335uklkfvQQJgL/WvmHLVj4Ycv2s7QCQMg=="
    },
    "split2": {
      "version": "2.2.0",
      "resolved": "https://registry.npmjs.org/split2/-/split2-2.2.0.tgz",
      "integrity": "sha512-RAb22TG39LhI31MbreBgIuKiIKhVsawfTgEGqKHTK87aG+ul/PB8Sqoi3I7kVdRWiCfrKxK3uo4/YUkpNvhPbw==",
      "requires": {
        "through2": "^2.0.2"
      }
    },
    "string_decoder": {
      "version": "1.1.1",
      "resolved": "https://registry.npmjs.org/string_decoder/-/string_decoder-1.1.1.tgz",
      "integrity": "sha512-n/ShnvDi6FHbbVfviro+WojiFzv+s8MPMHBczVePfUpDJLwoLT0ht1l4YwBCbi8pJAveEEdnkHyPyTP/mzRfwg==",
      "requires": {
        "safe-buffer": "~5.1.0"
      },
      "dependencies": {
        "safe-buffer": {
          "version": "5.1.2",
          "resolved": "https://registry.npmjs.org/safe-buffer/-/safe-buffer-5.1.2.tgz",
          "integrity": "sha512-Gd2UZBJDkXlY7GbJxfsE8/nvKkUEU1G38c1siN6QP6a9PT9MmHB8GnpscSmMJSoF8LOIrt8ud/wPtojys4G6+g=="
        }
      }
    },
    "supports-color": {
      "version": "5.5.0",
      "resolved": "https://registry.npmjs.org/supports-color/-/supports-color-5.5.0.tgz",
      "integrity": "sha512-QjVjwdXIt408MIiAqCX4oUKsgU2EqAGzs2Ppkm4aQYbjm+ZEWEcW4SfFNTr4uMNZma0ey4f5lgLrkB0aX0QMow==",
      "requires": {
        "has-flag": "^3.0.0"
      }
    },
    "through2": {
      "version": "2.0.5",
      "resolved": "https://registry.npmjs.org/through2/-/through2-2.0.5.tgz",
      "integrity": "sha512-/mrRod8xqpA+IHSLyGCQ2s8SPHiCDEeQJSep1jqLYeEUClOFG2Qsh+4FU6G9VeqpZnGW/Su8LQGc4YKni5rYSQ==",
      "requires": {
        "readable-stream": "~2.3.6",
        "xtend": "~4.0.1"
      }
    },
    "util-deprecate": {
      "version": "1.0.2",
      "resolved": "https://registry.npmjs.org/util-deprecate/-/util-deprecate-1.0.2.tgz",
      "integrity": "sha1-RQ1Nyfpw3nMnYvvS1KKJgUGaDM8="
    },
    "uuid": {
      "version": "3.1.0",
      "resolved": "https://registry.npmjs.org/uuid/-/uuid-3.1.0.tgz",
      "integrity": "sha512-DIWtzUkw04M4k3bf1IcpS2tngXEL26YUD2M0tMDUpnUrz2hgzUBlD55a4FjdLGPvfHxS6uluGWvaVEqgBcVa+g=="
    },
    "wrappy": {
      "version": "1.0.2",
      "resolved": "https://registry.npmjs.org/wrappy/-/wrappy-1.0.2.tgz",
      "integrity": "sha1-tSQ9jz7BqjXxNkYFvA0QNuMKtp8="
    },
    "xtend": {
      "version": "4.0.2",
      "resolved": "https://registry.npmjs.org/xtend/-/xtend-4.0.2.tgz",
      "integrity": "sha512-LKYU1iAXJXUgAXn9URjiu+MWhyUXHsvfp7mcuYm9dSUKK0/CjtrUwFAxD82/mCWbtLsGjFIad0wIsod4zrTAEQ=="
    }
  }
}
